
Microsoft Visual Studio Solution File, Format Version 12.00
# Visual Studio Version 17
VisualStudioVersion = 17.8.34525.116
MinimumVisualStudioVersion = 10.0.40219.1
Project("{FAE04EC0-301F-11D3-BF4B-00C04F79EFBC}") = "sorting", "sorting.csproj", "{AF9B9BD5-8BE5-4EB4-B719-F91938D13B0A}"
EndProject
Global
	GlobalSection(SolutionConfigurationPlatforms) = preSolution
		Debug|Any CPU = Debug|Any CPU
		Release|Any CPU = Release|Any CPU
	EndGlobalSection
	GlobalSection(ProjectConfigurationPlatforms) = postSolution
		{AF9B9BD5-8BE5-4EB4-B719-F91938D13B0A}.Debug|Any CPU.ActiveCfg = Debug|Any CPU
		{AF9B9BD5-8BE5-4EB4-B719-F91938D13B0A}.Debug|Any CPU.Build.0 = Debug|Any CPU
		{AF9B9BD5-8BE5-4EB4-B719-F91938D13B0A}.Release|Any CPU.ActiveCfg = Release|Any CPU
		{AF9B9BD5-8BE5-4EB4-B719-F91938D13B0A}.Release|Any CPU.Build.0 = Release|Any CPU
	EndGlobalSection
	GlobalSection(SolutionProperties) = preSolution
		HideSolutionNode = FALSE
	EndGlobalSection
	GlobalSection(ExtensibilityGlobals) = postSolution
		SolutionGuid = {99B8A217-5CC3-4243-B5E4-1E81A2EC58DD}
	EndGlobalSection
EndGlobal
